
Microsoft Visual Studio Solution File, Format Version 12.00
# Visual Studio Version 17
VisualStudioVersion = 17.14.36301.6 d17.14
MinimumVisualStudioVersion = 10.0.40219.1
Project("{FAE04EC0-301F-11D3-BF4B-00C04F79EFBC}") = "TetrisGame", "TetrisGame.csproj", "{80DAAE09-7494-4A24-8F51-D57AFB59E035}"
EndProject
Global
	GlobalSection(SolutionConfigurationPlatforms) = preSolution
		Debug|Any CPU = Debug|Any CPU
		Release|Any CPU = Release|Any CPU
	EndGlobalSection
	GlobalSection(ProjectConfigurationPlatforms) = postSolution
		{80DAAE09-7494-4A24-8F51-D57AFB59E035}.Debug|Any CPU.ActiveCfg = Debug|Any CPU
		{80DAAE09-7494-4A24-8F51-D57AFB59E035}.Debug|Any CPU.Build.0 = Debug|Any CPU
		{80DAAE09-7494-4A24-8F51-D57AFB59E035}.Release|Any CPU.ActiveCfg = Release|Any CPU
		{80DAAE09-7494-4A24-8F51-D57AFB59E035}.Release|Any CPU.Build.0 = Release|Any CPU
	EndGlobalSection
	GlobalSection(SolutionProperties) = preSolution
		HideSolutionNode = FALSE
	EndGlobalSection
	GlobalSection(ExtensibilityGlobals) = postSolution
		SolutionGuid = {D267975A-EA8B-4A00-8781-F4DC56BAE62C}
	EndGlobalSection
EndGlobal
